%{
  "cc_precompiler": {:hex, :cc_precompiler, "0.1.11", "8c844d0b9fb98a3edea067f94f616b3f6b29b959b6b3bf25fee94ffe34364768", [:mix], [{:elixir_make, "~> 0.7", [hex: :elixir_make, repo: "hexpm", optional: false]}], "hexpm", "3427232caf0835f94680e5bcf082408a70b48ad68a5f5c0b02a3bea9f3a075b9"},
  "db_connection": {:hex, :db_connection, "2.10.2", "ae391e803a5adff104da913c2fc1c0c14a37f8b10001dcef568796e1fb7bf95c", [:mix], [{:telemetry, "~> 0.4 or ~> 1.0", [hex: :telemetry, repo: "hexpm", optional: false]}], "hexpm", "510b14482330f1af6490a2fa0efd8d4f1435d1529b165647df22ac0f2df0fa93"},
  "decimal": {:hex, :decimal, "3.1.1", "430d87b04011ce6cbd4fd205be758311a81f87d552d40904abd00f015935b1d0", [:mix], [], "hexpm", "c5f25f2ced74a0587d03e6023f595db8e924c9d3922c8c8ffd9edfc4498cf1f6"},
  "ecto": {:hex, :ecto, "3.13.6", "352135b474f91d1ab99a1b502171d207e9db60421c9e3d0ecab4c7ab96b24d14", [:mix], [{:decimal, "~> 2.0 or ~> 3.0", [hex: :decimal, repo: "hexpm", optional: false]}, {:jason, "~> 1.0", [hex: :jason, repo: "hexpm", optional: true]}, {:telemetry, "~> 0.4 or ~> 1.0", [hex: :telemetry, repo: "hexpm", optional: false]}], "hexpm", "8afa059bc16cd2c94739ec0a11e3e5df69d828125119109bef35f20a21a76af2"},
  "ecto_sql": {:hex, :ecto_sql, "3.13.5", "2f8282b2ad97bf0f0d3217ea0a6fff320ead9e2f8770f810141189d182dc304e", [:mix], [{:db_connection, "~> 2.4.1 or ~> 2.5", [hex: :db_connection, repo: "hexpm", optional: false]}, {:ecto, "~> 3.13.0", [hex: :ecto, repo: "hexpm", optional: false]}, {:myxql, "~> 0.7", [hex: :myxql, repo: "hexpm", optional: true]}, {:postgrex, "~> 0.19 or ~> 1.0", [hex: :postgrex, repo: "hexpm", optional: true]}, {:tds, "~> 2.1.1 or ~> 2.2", [hex: :tds, repo: "hexpm", optional: true]}, {:telemetry, "~> 0.4.0 or ~> 1.0", [hex: :telemetry, repo: "hexpm", optional: false]}], "hexpm", "aa36751f4e6a2b56ae79efb0e088042e010ff4935fc8684e74c23b1f49e25fdc"},
  "ecto_sqlite3": {:hex, :ecto_sqlite3, "0.17.6", "d174cfbf25a46f5486d114442091aa4f899adb6261f3ac9bee57c9d46879bb66", [:mix], [{:decimal, "~> 1.6 or ~> 2.0", [hex: :decimal, repo: "hexpm", optional: false]}, {:ecto, "~> 3.12", [hex: :ecto, repo: "hexpm", optional: false]}, {:ecto_sql, "~> 3.12", [hex: :ecto_sql, repo: "hexpm", optional: false]}, {:exqlite, "~> 0.22", [hex: :exqlite, repo: "hexpm", optional: false]}], "hexpm", "942631e88f3c514909a1a8bfeef4a575c45d1dadf3bb85eb9cf0f82fac06092f"},
  "elixir_make": {:hex, :elixir_make, "0.10.0", "16577e2583a79bb79237bbff349619ef5d80afffc07eac6e4faf0d00e2ddaf7d", [:mix], [], "hexpm", "dc1f09fb7fa68866b886abd5f0f3c83553b1a19a52359a899e92af1bb3b31982"},
  "exqlite": {:hex, :exqlite, "0.37.0", "701e7e02679e8c1bb6da331ea93d83b481c714b0831e82e2f8a73375b3d93a9e", [:make, :mix], [{:cc_precompiler, "~> 0.1", [hex: :cc_precompiler, repo: "hexpm", optional: false]}, {:db_connection, "~> 2.1", [hex: :db_connection, repo: "hexpm", optional: false]}, {:elixir_make, "~> 0.8", [hex: :elixir_make, repo: "hexpm", optional: false]}, {:table, "~> 0.1.0", [hex: :table, repo: "hexpm", optional: true]}], "hexpm", "a44816dd0d234fba68c47a3609af61d306d24ef517a89bfaee4d6a811792d913"},
  "jason": {:hex, :jason, "1.4.4", "b9226785a9aa77b6857ca22832cffa5d5011a667207eb2a0ad56adb5db443b8a", [:mix], [{:decimal, "~> 1.0 or ~> 2.0", [hex: :decimal, repo: "hexpm", optional: true]}], "hexpm", "c5eb0cab91f094599f94d55bc63409236a8ec69a21a67814529e8d5f6cc90b3b"},
  "myxql": {:hex, :myxql, "0.9.0", "1aec422f2c6b23215be0f00d84389f1ec27032d561ccf2927917e1bc541a6464", [:mix], [{:db_connection, "~> 2.4.1 or ~> 2.5", [hex: :db_connection, repo: "hexpm", optional: false]}, {:decimal, "~> 3.0", [hex: :decimal, repo: "hexpm", optional: false]}, {:geo, "~> 3.4 or ~> 4.0", [hex: :geo, repo: "hexpm", optional: true]}, {:jason, "~> 1.0", [hex: :jason, repo: "hexpm", optional: true]}, {:table, "~> 0.1.0", [hex: :table, repo: "hexpm", optional: true]}], "hexpm", "3a17b38562a7a995c291570875fd96c06b7b0369d6eb0592a52a9dccbe5d144b"},
  "postgrex": {:hex, :postgrex, "0.21.1", "2c5cc830ec11e7a0067dd4d623c049b3ef807e9507a424985b8dcf921224cd88", [:mix], [{:db_connection, "~> 2.1", [hex: :db_connection, repo: "hexpm", optional: false]}, {:decimal, "~> 1.5 or ~> 2.0", [hex: :decimal, repo: "hexpm", optional: false]}, {:jason, "~> 1.0", [hex: :jason, repo: "hexpm", optional: true]}, {:table, "~> 0.1.0", [hex: :table, repo: "hexpm", optional: true]}], "hexpm", "27d8d21c103c3cc68851b533ff99eef353e6a0ff98dc444ea751de43eb48bdac"},
  "telemetry": {:hex, :telemetry, "1.4.2", "a0cb522801dffb1c49fe6e30561badffc7b6d0e180db1300df759faa22062855", [:rebar3], [], "hexpm", "928f6495066506077862c0d1646609eed891a4326bee3126ba54b60af61febb1"},
}
